// !$*UTF8*$!
{
	archiveVersion = 1;
	classes = {
	};
	objectVersion = 51;
	objects = {

/* Begin PBXBuildFile section */
		1749959A48944A3A989A162C /* Pods_Messenger.framework in Frameworks */ = {isa = PBXBuildFile; fileRef = 88C1C2D0D2DC22B1B94D0C62 /* Pods_Messenger.framework */; };
		36D34770B63CC673072CBCB7 /* Pods_MessengerTests.framework in Frameworks */ = {isa = PBXBuildFile; fileRef = 51E61EF27D204BD6A0AB2E97 /* Pods_MessengerTests.framework */; };
		7D07D28D2525D8F800912EC1 /* AppDelegate.swift in Sources */ = {isa = PBXBuildFile; fileRef = 7D07D28C2525D8F800912EC1 /* AppDelegate.swift */; };
		7D07D28F2525D8F800912EC1 /* SceneDelegate.swift in Sources */ = {isa = PBXBuildFile; fileRef = 7D07D28E2525D8F800912EC1 /* SceneDelegate.swift */; };
		7D07D2912525D8F800912EC1 /* ConversationsViewController.swift in Sources */ = {isa = PBXBuildFile; fileRef = 7D07D2902525D8F800912EC1 /* ConversationsViewController.swift */; };
		7D07D2942525D8F800912EC1 /* Main.storyboard in Resources */ = {isa = PBXBuildFile; fileRef = 7D07D2922525D8F800912EC1 /* Main.storyboard */; };
		7D07D2962525D8FC00912EC1 /* Assets.xcassets in Resources */ = {isa = PBXBuildFile; fileRef = 7D07D2952525D8FC00912EC1 /* Assets.xcassets */; };
		7D07D2992525D8FC00912EC1 /* LaunchScreen.storyboard in Resources */ = {isa = PBXBuildFile; fileRef = 7D07D2972525D8FC00912EC1 /* LaunchScreen.storyboard */; };
		7D07D2A42525D8FD00912EC1 /* MessengerTests.swift in Sources */ = {isa = PBXBuildFile; fileRef = 7D07D2A32525D8FD00912EC1 /* MessengerTests.swift */; };
		7D07D2AF2525D8FD00912EC1 /* MessengerUITests.swift in Sources */ = {isa = PBXBuildFile; fileRef = 7D07D2AE2525D8FD00912EC1 /* MessengerUITests.swift */; };
		7D22364E252E169500D67F81 /* GoogleService-Info.plist in Resources */ = {isa = PBXBuildFile; fileRef = 7D22364D252E169500D67F81 /* GoogleService-Info.plist */; };
		7D22367B252E6F8C00D67F81 /* DatabaseManager.swift in Sources */ = {isa = PBXBuildFile; fileRef = 7D22367A252E6F8B00D67F81 /* DatabaseManager.swift */; };
		7D6A06FF252BBAD7005B0EB8 /* LoginViewController.swift in Sources */ = {isa = PBXBuildFile; fileRef = 7D6A06FE252BBAD7005B0EB8 /* LoginViewController.swift */; };
		7D6A0704252BBAEF005B0EB8 /* RegisterViewController.swift in Sources */ = {isa = PBXBuildFile; fileRef = 7D6A0703252BBAEF005B0EB8 /* RegisterViewController.swift */; };
		7D6A0709252BBB19005B0EB8 /* PhotoViewerViewController.swift in Sources */ = {isa = PBXBuildFile; fileRef = 7D6A0708252BBB19005B0EB8 /* PhotoViewerViewController.swift */; };
		7D6A070E252BBB30005B0EB8 /* VedeoPlayerViewController.swift in Sources */ = {isa = PBXBuildFile; fileRef = 7D6A070D252BBB30005B0EB8 /* VedeoPlayerViewController.swift */; };
		7D6A0713252BBB53005B0EB8 /* NewConversationViewController.swift in Sources */ = {isa = PBXBuildFile; fileRef = 7D6A0712252BBB53005B0EB8 /* NewConversationViewController.swift */; };
		7D6A0718252BBB69005B0EB8 /* ProfileViewController.swift in Sources */ = {isa = PBXBuildFile; fileRef = 7D6A0717252BBB69005B0EB8 /* ProfileViewController.swift */; };
		7D6A0721252BC7DB005B0EB8 /* extentions.swift in Sources */ = {isa = PBXBuildFile; fileRef = 7D6A0720252BC7DB005B0EB8 /* extentions.swift */; };
		E61A4EAEFDBCA71FD6713ACE /* Pods_Messenger_MessengerUITests.framework in Frameworks */ = {isa = PBXBuildFile; fileRef = 3C25DFF1A6E20689DC60B783 /* Pods_Messenger_MessengerUITests.framework */; };
/* End PBXBuildFile section */

/* Begin PBXContainerItemProxy section */
		7D07D2A02525D8FD00912EC1 /* PBXContainerItemProxy */ = {
			isa = PBXContainerItemProxy;
			containerPortal = 7D07D2812525D8F800912EC1 /* Project object */;
			proxyType = 1;
			remoteGlobalIDString = 7D07D2882525D8F800912EC1;
			remoteInfo = Messenger;
		};
		7D07D2AB2525D8FD00912EC1 /* PBXContainerItemProxy */ = {
			isa = PBXContainerItemProxy;
			containerPortal = 7D07D2812525D8F800912EC1 /* Project object */;
			proxyType = 1;
			remoteGlobalIDString = 7D07D2882525D8F800912EC1;
			remoteInfo = Messenger;
		};
/* End PBXContainerItemProxy section */

/* Begin PBXFileReference section */
		0BD95348957F8BEC78E885A6 /* Pods-Messenger-MessengerUITests.debug.xcconfig */ = {isa = PBXFileReference; includeInIndex = 1; lastKnownFileType = text.xcconfig; name = "Pods-Messenger-MessengerUITests.debug.xcconfig"; path = "Target Support Files/Pods-Messenger-MessengerUITests/Pods-Messenger-MessengerUITests.debug.xcconfig"; sourceTree = "<group>"; };
		344D2A9E4DDD117021AA19ED /* Pods-MessengerTests.debug.xcconfig */ = {isa = PBXFileReference; includeInIndex = 1; lastKnownFileType = text.xcconfig; name = "Pods-MessengerTests.debug.xcconfig"; path = "Target Support Files/Pods-MessengerTests/Pods-MessengerTests.debug.xcconfig"; sourceTree = "<group>"; };
		3C25DFF1A6E20689DC60B783 /* Pods_Messenger_MessengerUITests.framework */ = {isa = PBXFileReference; explicitFileType = wrapper.framework; includeInIndex = 0; path = Pods_Messenger_MessengerUITests.framework; sourceTree = BUILT_PRODUCTS_DIR; };
		51E61EF27D204BD6A0AB2E97 /* Pods_MessengerTests.framework */ = {isa = PBXFileReference; explicitFileType = wrapper.framework; includeInIndex = 0; path = Pods_MessengerTests.framework; sourceTree = BUILT_PRODUCTS_DIR; };
		7D07D2892525D8F800912EC1 /* Messenger.app */ = {isa = PBXFileReference; explicitFileType = wrapper.application; includeInIndex = 0; path = Messenger.app; sourceTree = BUILT_PRODUCTS_DIR; };
		7D07D28C2525D8F800912EC1 /* AppDelegate.swift */ = {isa = PBXFileReference; lastKnownFileType = sourcecode.swift; path = AppDelegate.swift; sourceTree = "<group>"; };
		7D07D28E2525D8F800912EC1 /* SceneDelegate.swift */ = {isa = PBXFileReference; lastKnownFileType = sourcecode.swift; path = SceneDelegate.swift; sourceTree = "<group>"; };
		7D07D2902525D8F800912EC1 /* ConversationsViewController.swift */ = {isa = PBXFileReference; lastKnownFileType = sourcecode.swift; path = ConversationsViewController.swift; sourceTree = "<group>"; };
		7D07D2932525D8F800912EC1 /* Base */ = {isa = PBXFileReference; lastKnownFileType = file.storyboard; name = Base; path = Base.lproj/Main.storyboard; sourceTree = "<group>"; };
		7D07D2952525D8FC00912EC1 /* Assets.xcassets */ = {isa = PBXFileReference; lastKnownFileType = folder.assetcatalog; path = Assets.xcassets; sourceTree = "<group>"; };
		7D07D2982525D8FC00912EC1 /* Base */ = {isa = PBXFileReference; lastKnownFileType = file.storyboard; name = Base; path = Base.lproj/LaunchScreen.storyboard; sourceTree = "<group>"; };
		7D07D29A2525D8FC00912EC1 /* Info.plist */ = {isa = PBXFileReference; lastKnownFileType = text.plist.xml; path = Info.plist; sourceTree = "<group>"; };
		7D07D29F2525D8FD00912EC1 /* MessengerTests.xctest */ = {isa = PBXFileReference; explicitFileType = wrapper.cfbundle; includeInIndex = 0; path = MessengerTests.xctest; sourceTree = BUILT_PRODUCTS_DIR; };
		7D07D2A32525D8FD00912EC1 /* MessengerTests.swift */ = {isa = PBXFileReference; lastKnownFileType = sourcecode.swift; path = MessengerTests.swift; sourceTree = "<group>"; };
		7D07D2A52525D8FD00912EC1 /* Info.plist */ = {isa = PBXFileReference; lastKnownFileType = text.plist.xml; path = Info.plist; sourceTree = "<group>"; };
		7D07D2AA2525D8FD00912EC1 /* MessengerUITests.xctest */ = {isa = PBXFileReference; explicitFileType = wrapper.cfbundle; includeInIndex = 0; path = MessengerUITests.xctest; sourceTree = BUILT_PRODUCTS_DIR; };
		7D07D2AE2525D8FD00912EC1 /* MessengerUITests.swift */ = {isa = PBXFileReference; lastKnownFileType = sourcecode.swift; path = MessengerUITests.swift; sourceTree = "<group>"; };
		7D07D2B02525D8FD00912EC1 /* Info.plist */ = {isa = PBXFileReference; lastKnownFileType = text.plist.xml; path = Info.plist; sourceTree = "<group>"; };
		7D22364D252E169500D67F81 /* GoogleService-Info.plist */ = {isa = PBXFileReference; fileEncoding = 4; lastKnownFileType = text.plist.xml; path = "GoogleService-Info.plist"; sourceTree = "<group>"; };
		7D22367A252E6F8B00D67F81 /* DatabaseManager.swift */ = {isa = PBXFileReference; lastKnownFileType = sourcecode.swift; path = DatabaseManager.swift; sourceTree = "<group>"; };
		7D6A06FE252BBAD7005B0EB8 /* LoginViewController.swift */ = {isa = PBXFileReference; lastKnownFileType = sourcecode.swift; path = LoginViewController.swift; sourceTree = "<group>"; };
		7D6A0703252BBAEF005B0EB8 /* RegisterViewController.swift */ = {isa = PBXFileReference; lastKnownFileType = sourcecode.swift; path = RegisterViewController.swift; sourceTree = "<group>"; };
		7D6A0708252BBB19005B0EB8 /* PhotoViewerViewController.swift */ = {isa = PBXFileReference; lastKnownFileType = sourcecode.swift; path = PhotoViewerViewController.swift; sourceTree = "<group>"; };
		7D6A070D252BBB30005B0EB8 /* VedeoPlayerViewController.swift */ = {isa = PBXFileReference; lastKnownFileType = sourcecode.swift; path = VedeoPlayerViewController.swift; sourceTree = "<group>"; };
		7D6A0712252BBB53005B0EB8 /* NewConversationViewController.swift */ = {isa = PBXFileReference; lastKnownFileType = sourcecode.swift; path = NewConversationViewController.swift; sourceTree = "<group>"; };
		7D6A0717252BBB69005B0EB8 /* ProfileViewController.swift */ = {isa = PBXFileReference; lastKnownFileType = sourcecode.swift; path = ProfileViewController.swift; sourceTree = "<group>"; };
		7D6A0720252BC7DB005B0EB8 /* extentions.swift */ = {isa = PBXFileReference; lastKnownFileType = sourcecode.swift; path = extentions.swift; sourceTree = "<group>"; };
		88C1C2D0D2DC22B1B94D0C62 /* Pods_Messenger.framework */ = {isa = PBXFileReference; explicitFileType = wrapper.framework; includeInIndex = 0; path = Pods_Messenger.framework; sourceTree = BUILT_PRODUCTS_DIR; };
		952392D494825E1AE0657452 /* Pods-MessengerTests.release.xcconfig */ = {isa = PBXFileReference; includeInIndex = 1; lastKnownFileType = text.xcconfig; name = "Pods-MessengerTests.release.xcconfig"; path = "Target Support Files/Pods-MessengerTests/Pods-MessengerTests.release.xcconfig"; sourceTree = "<group>"; };
		9CC2C2CADE7557BEACA616AB /* Pods-Messenger-MessengerUITests.release.xcconfig */ = {isa = PBXFileReference; includeInIndex = 1; lastKnownFileType = text.xcconfig; name = "Pods-Messenger-MessengerUITests.release.xcconfig"; path = "Target Support Files/Pods-Messenger-MessengerUITests/Pods-Messenger-MessengerUITests.release.xcconfig"; sourceTree = "<group>"; };
		A53F74F6D72BA459F85A6D15 /* Pods-Messenger.release.xcconfig */ = {isa = PBXFileReference; includeInIndex = 1; lastKnownFileType = text.xcconfig; name = "Pods-Messenger.release.xcconfig"; path = "Target Support Files/Pods-Messenger/Pods-Messenger.release.xcconfig"; sourceTree = "<group>"; };
		CE592DFE96C74F6DAA731F8D /* Pods-Messenger.debug.xcconfig */ = {isa = PBXFileReference; includeInIndex = 1; lastKnownFileType = text.xcconfig; name = "Pods-Messenger.debug.xcconfig"; path = "Target Support Files/Pods-Messenger/Pods-Messenger.debug.xcconfig"; sourceTree = "<group>"; };
/* End PBXFileReference section */

/* Begin PBXFrameworksBuildPhase section */
		7D07D2862525D8F800912EC1 /* Frameworks */ = {
			isa = PBXFrameworksBuildPhase;
			buildActionMask = 2147483647;
			files = (
				1749959A48944A3A989A162C /* Pods_Messenger.framework in Frameworks */,
			);
			runOnlyForDeploymentPostprocessing = 0;
		};
		7D07D29C2525D8FD00912EC1 /* Frameworks */ = {
			isa = PBXFrameworksBuildPhase;
			buildActionMask = 2147483647;
			files = (
				36D34770B63CC673072CBCB7 /* Pods_MessengerTests.framework in Frameworks */,
			);
			runOnlyForDeploymentPostprocessing = 0;
		};
		7D07D2A72525D8FD00912EC1 /* Frameworks */ = {
			isa = PBXFrameworksBuildPhase;
			buildActionMask = 2147483647;
			files = (
				E61A4EAEFDBCA71FD6713ACE /* Pods_Messenger_MessengerUITests.framework in Frameworks */,
			);
			runOnlyForDeploymentPostprocessing = 0;
		};
/* End PBXFrameworksBuildPhase section */

/* Begin PBXGroup section */
		692C820C34AF9FC281854AFD /* Frameworks */ = {
			isa = PBXGroup;
			children = (
				88C1C2D0D2DC22B1B94D0C62 /* Pods_Messenger.framework */,
				3C25DFF1A6E20689DC60B783 /* Pods_Messenger_MessengerUITests.framework */,
				51E61EF27D204BD6A0AB2E97 /* Pods_MessengerTests.framework */,
			);
			name = Frameworks;
			sourceTree = "<group>";
		};
		7D07D2802525D8F800912EC1 = {
			isa = PBXGroup;
			children = (
				7D07D28B2525D8F800912EC1 /* Messenger */,
				7D07D2A22525D8FD00912EC1 /* MessengerTests */,
				7D07D2AD2525D8FD00912EC1 /* MessengerUITests */,
				7D07D28A2525D8F800912EC1 /* Products */,
				955FE6A483BD1F6111213455 /* Pods */,
				692C820C34AF9FC281854AFD /* Frameworks */,
			);
			sourceTree = "<group>";
		};
		7D07D28A2525D8F800912EC1 /* Products */ = {
			isa = PBXGroup;
			children = (
				7D07D2892525D8F800912EC1 /* Messenger.app */,
				7D07D29F2525D8FD00912EC1 /* MessengerTests.xctest */,
				7D07D2AA2525D8FD00912EC1 /* MessengerUITests.xctest */,
			);
			name = Products;
			sourceTree = "<group>";
		};
		7D07D28B2525D8F800912EC1 /* Messenger */ = {
			isa = PBXGroup;
			children = (
				7D22364D252E169500D67F81 /* GoogleService-Info.plist */,
				7D3486932525E08300C0EB49 /* Resources */,
				7D3486922525E05B00C0EB49 /* ViewModels */,
				7D3486912525E04300C0EB49 /* Models */,
				7D3486902525E03900C0EB49 /* Views */,
				7D34868C2525E01400C0EB49 /* Controllers */,
				7D07D29A2525D8FC00912EC1 /* Info.plist */,
			);
			path = Messenger;
			sourceTree = "<group>";
		};
		7D07D2A22525D8FD00912EC1 /* MessengerTests */ = {
			isa = PBXGroup;
			children = (
				7D07D2A32525D8FD00912EC1 /* MessengerTests.swift */,
				7D07D2A52525D8FD00912EC1 /* Info.plist */,
			);
			path = MessengerTests;
			sourceTree = "<group>";
		};
		7D07D2AD2525D8FD00912EC1 /* MessengerUITests */ = {
			isa = PBXGroup;
			children = (
				7D07D2AE2525D8FD00912EC1 /* MessengerUITests.swift */,
				7D07D2B02525D8FD00912EC1 /* Info.plist */,
			);
			path = MessengerUITests;
			sourceTree = "<group>";
		};
		7D34868C2525E01400C0EB49 /* Controllers */ = {
			isa = PBXGroup;
			children = (
				7D07D2902525D8F800912EC1 /* ConversationsViewController.swift */,
				7D6A071C252BBCFC005B0EB8 /* login */,
				7D6A0708252BBB19005B0EB8 /* PhotoViewerViewController.swift */,
				7D6A070D252BBB30005B0EB8 /* VedeoPlayerViewController.swift */,
				7D6A0712252BBB53005B0EB8 /* NewConversationViewController.swift */,
				7D6A0717252BBB69005B0EB8 /* ProfileViewController.swift */,
			);
			path = Controllers;
			sourceTree = "<group>";
		};
		7D3486902525E03900C0EB49 /* Views */ = {
			isa = PBXGroup;
			children = (
				7D3486942525E0F100C0EB49 /* Storyboards */,
				7D07D2952525D8FC00912EC1 /* Assets.xcassets */,
			);
			path = Views;
			sourceTree = "<group>";
		};
		7D3486912525E04300C0EB49 /* Models */ = {
			isa = PBXGroup;
			children = (
			);
			path = Models;
			sourceTree = "<group>";
		};
		7D3486922525E05B00C0EB49 /* ViewModels */ = {
			isa = PBXGroup;
			children = (
			);
			path = ViewModels;
			sourceTree = "<group>";
		};
		7D3486932525E08300C0EB49 /* Resources */ = {
			isa = PBXGroup;
			children = (
				7D07D28C2525D8F800912EC1 /* AppDelegate.swift */,
				7D07D28E2525D8F800912EC1 /* SceneDelegate.swift */,
				7D6A0720252BC7DB005B0EB8 /* extentions.swift */,
				7D22367A252E6F8B00D67F81 /* DatabaseManager.swift */,
			);
			path = Resources;
			sourceTree = "<group>";
		};
		7D3486942525E0F100C0EB49 /* Storyboards */ = {
			isa = PBXGroup;
			children = (
				7D07D2972525D8FC00912EC1 /* LaunchScreen.storyboard */,
				7D07D2922525D8F800912EC1 /* Main.storyboard */,
			);
			path = Storyboards;
			sourceTree = "<group>";
		};
		7D6A071C252BBCFC005B0EB8 /* login */ = {
			isa = PBXGroup;
			children = (
				7D6A06FE252BBAD7005B0EB8 /* LoginViewController.swift */,
				7D6A0703252BBAEF005B0EB8 /* RegisterViewController.swift */,
			);
			path = login;
			sourceTree = "<group>";
		};
		955FE6A483BD1F6111213455 /* Pods */ = {
			isa = PBXGroup;
			children = (
				CE592DFE96C74F6DAA731F8D /* Pods-Messenger.debug.xcconfig */,
				A53F74F6D72BA459F85A6D15 /* Pods-Messenger.release.xcconfig */,
				0BD95348957F8BEC78E885A6 /* Pods-Messenger-MessengerUITests.debug.xcconfig */,
				9CC2C2CADE7557BEACA616AB /* Pods-Messenger-MessengerUITests.release.xcconfig */,
				344D2A9E4DDD117021AA19ED /* Pods-MessengerTests.debug.xcconfig */,
				952392D494825E1AE0657452 /* Pods-MessengerTests.release.xcconfig */,
			);
			path = Pods;
			sourceTree = "<group>";
		};
/* End PBXGroup section */

/* Begin PBXNativeTarget section */
		7D07D2882525D8F800912EC1 /* Messenger */ = {
			isa = PBXNativeTarget;
			buildConfigurationList = 7D07D2B32525D8FD00912EC1 /* Build configuration list for PBXNativeTarget "Messenger" */;
			buildPhases = (
				2845FF8C84DB358465AC9C11 /* [CP] Check Pods Manifest.lock */,
				7D07D2852525D8F800912EC1 /* Sources */,
				7D07D2862525D8F800912EC1 /* Frameworks */,
				7D07D2872525D8F800912EC1 /* Resources */,
				317139891015ACF384CB78A7 /* [CP] Embed Pods Frameworks */,
			);
			buildRules = (
			);
			dependencies = (
			);
			name = Messenger;
			productName = Messenger;
			productReference = 7D07D2892525D8F800912EC1 /* Messenger.app */;
			productType = "com.apple.product-type.application";
		};
		7D07D29E2525D8FD00912EC1 /* MessengerTests */ = {
			isa = PBXNativeTarget;
			buildConfigurationList = 7D07D2B62525D8FD00912EC1 /* Build configuration list for PBXNativeTarget "MessengerTests" */;
			buildPhases = (
				00186AD4747784BC534F6F22 /* [CP] Check Pods Manifest.lock */,
				7D07D29B2525D8FD00912EC1 /* Sources */,
				7D07D29C2525D8FD00912EC1 /* Frameworks */,
				7D07D29D2525D8FD00912EC1 /* Resources */,
			);
			buildRules = (
			);
			dependencies = (
				7D07D2A12525D8FD00912EC1 /* PBXTargetDependency */,
			);
			name = MessengerTests;
			productName = MessengerTests;
			productReference = 7D07D29F2525D8FD00912EC1 /* MessengerTests.xctest */;
			productType = "com.apple.product-type.bundle.unit-test";
		};
		7D07D2A92525D8FD00912EC1 /* MessengerUITests */ = {
			isa = PBXNativeTarget;
			buildConfigurationList = 7D07D2B92525D8FD00912EC1 /* Build configuration list for PBXNativeTarget "MessengerUITests" */;
			buildPhases = (
				0CD286017F9A736C388FB2DF /* [CP] Check Pods Manifest.lock */,
				7D07D2A62525D8FD00912EC1 /* Sources */,
				7D07D2A72525D8FD00912EC1 /* Frameworks */,
				7D07D2A82525D8FD00912EC1 /* Resources */,
				51B885592F6A7BEBEE6AE3EF /* [CP] Embed Pods Frameworks */,
			);
			buildRules = (
			);
			dependencies = (
				7D07D2AC2525D8FD00912EC1 /* PBXTargetDependency */,
			);
			name = MessengerUITests;
			productName = MessengerUITests;
			productReference = 7D07D2AA2525D8FD00912EC1 /* MessengerUITests.xctest */;
			productType = "com.apple.product-type.bundle.ui-testing";
		};
/* End PBXNativeTarget section */

/* Begin PBXProject section */
		7D07D2812525D8F800912EC1 /* Project object */ = {
			isa = PBXProject;
			attributes = {
				LastSwiftUpdateCheck = 1200;
				LastUpgradeCheck = 1200;
				TargetAttributes = {
					7D07D2882525D8F800912EC1 = {
						CreatedOnToolsVersion = 12.0.1;
					};
					7D07D29E2525D8FD00912EC1 = {
						CreatedOnToolsVersion = 12.0.1;
						TestTargetID = 7D07D2882525D8F800912EC1;
					};
					7D07D2A92525D8FD00912EC1 = {
						CreatedOnToolsVersion = 12.0.1;
						TestTargetID = 7D07D2882525D8F800912EC1;
					};
				};
			};
			buildConfigurationList = 7D07D2842525D8F800912EC1 /* Build configuration list for PBXProject "Messenger" */;
			compatibilityVersion = "Xcode 9.3";
			developmentRegion = en;
			hasScannedForEncodings = 0;
			knownRegions = (
				en,
				Base,
			);
			mainGroup = 7D07D2802525D8F800912EC1;
			productRefGroup = 7D07D28A2525D8F800912EC1 /* Products */;
			projectDirPath = "";
			projectRoot = "";
			targets = (
				7D07D2882525D8F800912EC1 /* Messenger */,
				7D07D29E2525D8FD00912EC1 /* MessengerTests */,
				7D07D2A92525D8FD00912EC1 /* MessengerUITests */,
			);
		};
/* End PBXProject section */

/* Begin PBXResourcesBuildPhase section */
		7D07D2872525D8F800912EC1 /* Resources */ = {
			isa = PBXResourcesBuildPhase;
			buildActionMask = 2147483647;
			files = (
				7D07D2992525D8FC00912EC1 /* LaunchScreen.storyboard in Resources */,
				7D22364E252E169500D67F81 /* GoogleService-Info.plist in Resources */,
				7D07D2962525D8FC00912EC1 /* Assets.xcassets in Resources */,
				7D07D2942525D8F800912EC1 /* Main.storyboard in Resources */,
			);
			runOnlyForDeploymentPostprocessing = 0;
		};
		7D07D29D2525D8FD00912EC1 /* Resources */ = {
			isa = PBXResourcesBuildPhase;
			buildActionMask = 2147483647;
			files = (
			);
			runOnlyForDeploymentPostprocessing = 0;
		};
		7D07D2A82525D8FD00912EC1 /* Resources */ = {
			isa = PBXResourcesBuildPhase;
			buildActionMask = 2147483647;
			files = (
			);
			runOnlyForDeploymentPostprocessing = 0;
		};
/* End PBXResourcesBuildPhase section */

/* Begin PBXShellScriptBuildPhase section */
		00186AD4747784BC534F6F22 /* [CP] Check Pods Manifest.lock */ = {
			isa = PBXShellScriptBuildPhase;
			buildActionMask = 2147483647;
			files = (
			);
			inputFileListPaths = (
			);
			inputPaths = (
				"${PODS_PODFILE_DIR_PATH}/Podfile.lock",
				"${PODS_ROOT}/Manifest.lock",
			);
			name = "[CP] Check Pods Manifest.lock";
			outputFileListPaths = (
			);
			outputPaths = (
				"$(DERIVED_FILE_DIR)/Pods-MessengerTests-checkManifestLockResult.txt",
			);
			runOnlyForDeploymentPostprocessing = 0;
			shellPath = /bin/sh;
			shellScript = "diff \"${PODS_PODFILE_DIR_PATH}/Podfile.lock\" \"${PODS_ROOT}/Manifest.lock\" > /dev/null\nif [ $? != 0 ] ; then\n    # print error to STDERR\n    echo \"error: The sandbox is not in sync with the Podfile.lock. Run 'pod install' or update your CocoaPods installation.\" >&2\n    exit 1\nfi\n# This output is used by Xcode 'outputs' to avoid re-running this script phase.\necho \"SUCCESS\" > \"${SCRIPT_OUTPUT_FILE_0}\"\n";
			showEnvVarsInLog = 0;
		};
		0CD286017F9A736C388FB2DF /* [CP] Check Pods Manifest.lock */ = {
			isa = PBXShellScriptBuildPhase;
			buildActionMask = 2147483647;
			files = (
			);
			inputFileListPaths = (
			);
			inputPaths = (
				"${PODS_PODFILE_DIR_PATH}/Podfile.lock",
				"${PODS_ROOT}/Manifest.lock",
			);
			name = "[CP] Check Pods Manifest.lock";
			outputFileListPaths = (
			);
			outputPaths = (
				"$(DERIVED_FILE_DIR)/Pods-Messenger-MessengerUITests-checkManifestLockResult.txt",
			);
			runOnlyForDeploymentPostprocessing = 0;
			shellPath = /bin/sh;
			shellScript = "diff \"${PODS_PODFILE_DIR_PATH}/Podfile.lock\" \"${PODS_ROOT}/Manifest.lock\" > /dev/null\nif [ $? != 0 ] ; then\n    # print error to STDERR\n    echo \"error: The sandbox is not in sync with the Podfile.lock. Run 'pod install' or update your CocoaPods installation.\" >&2\n    exit 1\nfi\n# This output is used by Xcode 'outputs' to avoid re-running this script phase.\necho \"SUCCESS\" > \"${SCRIPT_OUTPUT_FILE_0}\"\n";
			showEnvVarsInLog = 0;
		};
		2845FF8C84DB358465AC9C11 /* [CP] Check Pods Manifest.lock */ = {
			isa = PBXShellScriptBuildPhase;
			buildActionMask = 2147483647;
			files = (
			);
			inputFileListPaths = (
			);
			inputPaths = (
				"${PODS_PODFILE_DIR_PATH}/Podfile.lock",
				"${PODS_ROOT}/Manifest.lock",
			);
			name = "[CP] Check Pods Manifest.lock";
			outputFileListPaths = (
			);
			outputPaths = (
				"$(DERIVED_FILE_DIR)/Pods-Messenger-checkManifestLockResult.txt",
			);
			runOnlyForDeploymentPostprocessing = 0;
			shellPath = /bin/sh;
			shellScript = "diff \"${PODS_PODFILE_DIR_PATH}/Podfile.lock\" \"${PODS_ROOT}/Manifest.lock\" > /dev/null\nif [ $? != 0 ] ; then\n    # print error to STDERR\n    echo \"error: The sandbox is not in sync with the Podfile.lock. Run 'pod install' or update your CocoaPods installation.\" >&2\n    exit 1\nfi\n# This output is used by Xcode 'outputs' to avoid re-running this script phase.\necho \"SUCCESS\" > \"${SCRIPT_OUTPUT_FILE_0}\"\n";
			showEnvVarsInLog = 0;
		};
		317139891015ACF384CB78A7 /* [CP] Embed Pods Frameworks */ = {
			isa = PBXShellScriptBuildPhase;
			buildActionMask = 2147483647;
			files = (
			);
			inputFileListPaths = (
				"${PODS_ROOT}/Target Support Files/Pods-Messenger/Pods-Messenger-frameworks-${CONFIGURATION}-input-files.xcfilelist",
			);
			name = "[CP] Embed Pods Frameworks";
			outputFileListPaths = (
				"${PODS_ROOT}/Target Support Files/Pods-Messenger/Pods-Messenger-frameworks-${CONFIGURATION}-output-files.xcfilelist",
			);
			runOnlyForDeploymentPostprocessing = 0;
			shellPath = /bin/sh;
			shellScript = "\"${PODS_ROOT}/Target Support Files/Pods-Messenger/Pods-Messenger-frameworks.sh\"\n";
			showEnvVarsInLog = 0;
		};
		51B885592F6A7BEBEE6AE3EF /* [CP] Embed Pods Frameworks */ = {
			isa = PBXShellScriptBuildPhase;
			buildActionMask = 2147483647;
			files = (
			);
			inputFileListPaths = (
				"${PODS_ROOT}/Target Support Files/Pods-Messenger-MessengerUITests/Pods-Messenger-MessengerUITests-frameworks-${CONFIGURATION}-input-files.xcfilelist",
			);
			name = "[CP] Embed Pods Frameworks";
			outputFileListPaths = (
				"${PODS_ROOT}/Target Support Files/Pods-Messenger-MessengerUITests/Pods-Messenger-MessengerUITests-frameworks-${CONFIGURATION}-output-files.xcfilelist",
			);
			runOnlyForDeploymentPostprocessing = 0;
			shellPath = /bin/sh;
			shellScript = "\"${PODS_ROOT}/Target Support Files/Pods-Messenger-MessengerUITests/Pods-Messenger-MessengerUITests-frameworks.sh\"\n";
			showEnvVarsInLog = 0;
		};
/* End PBXShellScriptBuildPhase section */

/* Begin PBXSourcesBuildPhase section */
		7D07D2852525D8F800912EC1 /* Sources */ = {
			isa = PBXSourcesBuildPhase;
			buildActionMask = 2147483647;
			files = (
				7D6A06FF252BBAD7005B0EB8 /* LoginViewController.swift in Sources */,
				7D22367B252E6F8C00D67F81 /* DatabaseManager.swift in Sources */,
				7D6A0704252BBAEF005B0EB8 /* RegisterViewController.swift in Sources */,
				7D6A0721252BC7DB005B0EB8 /* extentions.swift in Sources */,
				7D6A0713252BBB53005B0EB8 /* NewConversationViewController.swift in Sources */,
				7D07D2912525D8F800912EC1 /* ConversationsViewController.swift in Sources */,
				7D07D28D2525D8F800912EC1 /* AppDelegate.swift in Sources */,
				7D07D28F2525D8F800912EC1 /* SceneDelegate.swift in Sources */,
				7D6A0718252BBB69005B0EB8 /* ProfileViewController.swift in Sources */,
				7D6A0709252BBB19005B0EB8 /* PhotoViewerViewController.swift in Sources */,
				7D6A070E252BBB30005B0EB8 /* VedeoPlayerViewController.swift in Sources */,
			);
			runOnlyForDeploymentPostprocessing = 0;
		};
		7D07D29B2525D8FD00912EC1 /* Sources */ = {
			isa = PBXSourcesBuildPhase;
			buildActionMask = 2147483647;
			files = (
				7D07D2A42525D8FD00912EC1 /* MessengerTests.swift in Sources */,
			);
			runOnlyForDeploymentPostprocessing = 0;
		};
		7D07D2A62525D8FD00912EC1 /* Sources */ = {
			isa = PBXSourcesBuildPhase;
			buildActionMask = 2147483647;
			files = (
				7D07D2AF2525D8FD00912EC1 /* MessengerUITests.swift in Sources */,
			);
			runOnlyForDeploymentPostprocessing = 0;
		};
/* End PBXSourcesBuildPhase section */

/* Begin PBXTargetDependency section */
		7D07D2A12525D8FD00912EC1 /* PBXTargetDependency */ = {
			isa = PBXTargetDependency;
			target = 7D07D2882525D8F800912EC1 /* Messenger */;
			targetProxy = 7D07D2A02525D8FD00912EC1 /* PBXContainerItemProxy */;
		};
		7D07D2AC2525D8FD00912EC1 /* PBXTargetDependency */ = {
			isa = PBXTargetDependency;
			target = 7D07D2882525D8F800912EC1 /* Messenger */;
			targetProxy = 7D07D2AB2525D8FD00912EC1 /* PBXContainerItemProxy */;
		};
/* End PBXTargetDependency section */

/* Begin PBXVariantGroup section */
		7D07D2922525D8F800912EC1 /* Main.storyboard */ = {
			isa = PBXVariantGroup;
			children = (
				7D07D2932525D8F800912EC1 /* Base */,
			);
			name = Main.storyboard;
			sourceTree = "<group>";
		};
		7D07D2972525D8FC00912EC1 /* LaunchScreen.storyboard */ = {
			isa = PBXVariantGroup;
			children = (
				7D07D2982525D8FC00912EC1 /* Base */,
			);
			name = LaunchScreen.storyboard;
			sourceTree = "<group>";
		};
/* End PBXVariantGroup section */

/* Begin XCBuildConfiguration section */
		7D07D2B12525D8FD00912EC1 /* Debug */ = {
			isa = XCBuildConfiguration;
			buildSettings = {
				ALWAYS_SEARCH_USER_PATHS = NO;
				CLANG_ANALYZER_NONNULL = YES;
				CLANG_ANALYZER_NUMBER_OBJECT_CONVERSION = YES_AGGRESSIVE;
				CLANG_CXX_LANGUAGE_STANDARD = "gnu++14";
				CLANG_CXX_LIBRARY = "libc++";
				CLANG_ENABLE_MODULES = YES;
				CLANG_ENABLE_OBJC_ARC = YES;
				CLANG_ENABLE_OBJC_WEAK = YES;
				CLANG_WARN_BLOCK_CAPTURE_AUTORELEASING = YES;
				CLANG_WARN_BOOL_CONVERSION = YES;
				CLANG_WARN_COMMA = YES;
				CLANG_WARN_CONSTANT_CONVERSION = YES;
				CLANG_WARN_DEPRECATED_OBJC_IMPLEMENTATIONS = YES;
				CLANG_WARN_DIRECT_OBJC_ISA_USAGE = YES_ERROR;
				CLANG_WARN_DOCUMENTATION_COMMENTS = YES;
				CLANG_WARN_EMPTY_BODY = YES;
				CLANG_WARN_ENUM_CONVERSION = YES;
				CLANG_WARN_INFINITE_RECURSION = YES;
				CLANG_WARN_INT_CONVERSION = YES;
				CLANG_WARN_NON_LITERAL_NULL_CONVERSION = YES;
				CLANG_WARN_OBJC_IMPLICIT_RETAIN_SELF = YES;
				CLANG_WARN_OBJC_LITERAL_CONVERSION = YES;
				CLANG_WARN_OBJC_ROOT_CLASS = YES_ERROR;
				CLANG_WARN_QUOTED_INCLUDE_IN_FRAMEWORK_HEADER = YES;
				CLANG_WARN_RANGE_LOOP_ANALYSIS = YES;
				CLANG_WARN_STRICT_PROTOTYPES = YES;
				CLANG_WARN_SUSPICIOUS_MOVE = YES;
				CLANG_WARN_UNGUARDED_AVAILABILITY = YES_AGGRESSIVE;
				CLANG_WARN_UNREACHABLE_CODE = YES;
				CLANG_WARN__DUPLICATE_METHOD_MATCH = YES;
				COPY_PHASE_STRIP = NO;
				DEBUG_INFORMATION_FORMAT = dwarf;
				ENABLE_STRICT_OBJC_MSGSEND = YES;
				ENABLE_TESTABILITY = YES;
				GCC_C_LANGUAGE_STANDARD = gnu11;
				GCC_DYNAMIC_NO_PIC = NO;
				GCC_NO_COMMON_BLOCKS = YES;
				GCC_OPTIMIZATION_LEVEL = 0;
				GCC_PREPROCESSOR_DEFINITIONS = (
					"DEBUG=1",
					"$(inherited)",
				);
				GCC_WARN_64_TO_32_BIT_CONVERSION = YES;
				GCC_WARN_ABOUT_RETURN_TYPE = YES_ERROR;
				GCC_WARN_UNDECLARED_SELECTOR = YES;
				GCC_WARN_UNINITIALIZED_AUTOS = YES_AGGRESSIVE;
				GCC_WARN_UNUSED_FUNCTION = YES;
				GCC_WARN_UNUSED_VARIABLE = YES;
				IPHONEOS_DEPLOYMENT_TARGET = 14.0;
				MTL_ENABLE_DEBUG_INFO = INCLUDE_SOURCE;
				MTL_FAST_MATH = YES;
				ONLY_ACTIVE_ARCH = YES;
				SDKROOT = iphoneos;
				SWIFT_ACTIVE_COMPILATION_CONDITIONS = DEBUG;
				SWIFT_OPTIMIZATION_LEVEL = "-Onone";
			};
			name = Debug;
		};
		7D07D2B22525D8FD00912EC1 /* Release */ = {
			isa = XCBuildConfiguration;
			buildSettings = {
				ALWAYS_SEARCH_USER_PATHS = NO;
				CLANG_ANALYZER_NONNULL = YES;
				CLANG_ANALYZER_NUMBER_OBJECT_CONVERSION = YES_AGGRESSIVE;
				CLANG_CXX_LANGUAGE_STANDARD = "gnu++14";
				CLANG_CXX_LIBRARY = "libc++";
				CLANG_ENABLE_MODULES = YES;
				CLANG_ENABLE_OBJC_ARC = YES;
				CLANG_ENABLE_OBJC_WEAK = YES;
				CLANG_WARN_BLOCK_CAPTURE_AUTORELEASING = YES;
				CLANG_WARN_BOOL_CONVERSION = YES;
				CLANG_WARN_COMMA = YES;
				CLANG_WARN_CONSTANT_CONVERSION = YES;
				CLANG_WARN_DEPRECATED_OBJC_IMPLEMENTATIONS = YES;
				CLANG_WARN_DIRECT_OBJC_ISA_USAGE = YES_ERROR;
				CLANG_WARN_DOCUMENTATION_COMMENTS = YES;
				CLANG_WARN_EMPTY_BODY = YES;
				CLANG_WARN_ENUM_CONVERSION = YES;
				CLANG_WARN_INFINITE_RECURSION = YES;
				CLANG_WARN_INT_CONVERSION = YES;
				CLANG_WARN_NON_LITERAL_NULL_CONVERSION = YES;
				CLANG_WARN_OBJC_IMPLICIT_RETAIN_SELF = YES;
				CLANG_WARN_OBJC_LITERAL_CONVERSION = YES;
				CLANG_WARN_OBJC_ROOT_CLASS = YES_ERROR;
				CLANG_WARN_QUOTED_INCLUDE_IN_FRAMEWORK_HEADER = YES;
				CLANG_WARN_RANGE_LOOP_ANALYSIS = YES;
				CLANG_WARN_STRICT_PROTOTYPES = YES;
				CLANG_WARN_SUSPICIOUS_MOVE = YES;
				CLANG_WARN_UNGUARDED_AVAILABILITY = YES_AGGRESSIVE;
				CLANG_WARN_UNREACHABLE_CODE = YES;
				CLANG_WARN__DUPLICATE_METHOD_MATCH = YES;
				COPY_PHASE_STRIP = NO;
				DEBUG_INFORMATION_FORMAT = "dwarf-with-dsym";
				ENABLE_NS_ASSERTIONS = NO;
				ENABLE_STRICT_OBJC_MSGSEND = YES;
				GCC_C_LANGUAGE_STANDARD = gnu11;
				GCC_NO_COMMON_BLOCKS = YES;
				GCC_WARN_64_TO_32_BIT_CONVERSION = YES;
				GCC_WARN_ABOUT_RETURN_TYPE = YES_ERROR;
				GCC_WARN_UNDECLARED_SELECTOR = YES;
				GCC_WARN_UNINITIALIZED_AUTOS = YES_AGGRESSIVE;
				GCC_WARN_UNUSED_FUNCTION = YES;
				GCC_WARN_UNUSED_VARIABLE = YES;
				IPHONEOS_DEPLOYMENT_TARGET = 14.0;
				MTL_ENABLE_DEBUG_INFO = NO;
				MTL_FAST_MATH = YES;
				SDKROOT = iphoneos;
				SWIFT_COMPILATION_MODE = wholemodule;
				SWIFT_OPTIMIZATION_LEVEL = "-O";
				VALIDATE_PRODUCT = YES;
			};
			name = Release;
		};
		7D07D2B42525D8FD00912EC1 /* Debug */ = {
			isa = XCBuildConfiguration;
			baseConfigurationReference = CE592DFE96C74F6DAA731F8D /* Pods-Messenger.debug.xcconfig */;
			buildSettings = {
				ASSETCATALOG_COMPILER_APPICON_NAME = AppIcon;
				ASSETCATALOG_COMPILER_GLOBAL_ACCENT_COLOR_NAME = AccentColor;
				CODE_SIGN_STYLE = Automatic;
				DEVELOPMENT_TEAM = DH24P9R9PA;
				INFOPLIST_FILE = Messenger/Info.plist;
				IPHONEOS_DEPLOYMENT_TARGET = 13.5;
				LD_RUNPATH_SEARCH_PATHS = (
					"$(inherited)",
					"@executable_path/Frameworks",
				);
				PRODUCT_BUNDLE_IDENTIFIER = com.NN.Messenger;
				PRODUCT_NAME = "$(TARGET_NAME)";
				SWIFT_VERSION = 5.0;
				TARGETED_DEVICE_FAMILY = "1,2";
			};
			name = Debug;
		};
		7D07D2B52525D8FD00912EC1 /* Release */ = {
			isa = XCBuildConfiguration;
			baseConfigurationReference = A53F74F6D72BA459F85A6D15 /* Pods-Messenger.release.xcconfig */;
			buildSettings = {
				ASSETCATALOG_COMPILER_APPICON_NAME = AppIcon;
				ASSETCATALOG_COMPILER_GLOBAL_ACCENT_COLOR_NAME = AccentColor;
				CODE_SIGN_STYLE = Automatic;
				DEVELOPMENT_TEAM = DH24P9R9PA;
				INFOPLIST_FILE = Messenger/Info.plist;
				IPHONEOS_DEPLOYMENT_TARGET = 13.5;
				LD_RUNPATH_SEARCH_PATHS = (
					"$(inherited)",
					"@executable_path/Frameworks",
				);
				PRODUCT_BUNDLE_IDENTIFIER = com.NN.Messenger;
				PRODUCT_NAME = "$(TARGET_NAME)";
				SWIFT_VERSION = 5.0;
				TARGETED_DEVICE_FAMILY = "1,2";
			};
			name = Release;
		};
		7D07D2B72525D8FD00912EC1 /* Debug */ = {
			isa = XCBuildConfiguration;
			baseConfigurationReference = 344D2A9E4DDD117021AA19ED /* Pods-MessengerTests.debug.xcconfig */;
			buildSettings = {
				ALWAYS_EMBED_SWIFT_STANDARD_LIBRARIES = YES;
				BUNDLE_LOADER = "$(TEST_HOST)";
				CODE_SIGN_STYLE = Automatic;
				DEVELOPMENT_TEAM = DH24P9R9PA;
				INFOPLIST_FILE = MessengerTests/Info.plist;
				IPHONEOS_DEPLOYMENT_TARGET = 14.0;
				LD_RUNPATH_SEARCH_PATHS = (
					"$(inherited)",
					"@executable_path/Frameworks",
					"@loader_path/Frameworks",
				);
				PRODUCT_BUNDLE_IDENTIFIER = com.NN.MessengerTests;
				PRODUCT_NAME = "$(TARGET_NAME)";
				SWIFT_VERSION = 5.0;
				TARGETED_DEVICE_FAMILY = "1,2";
				TEST_HOST = "$(BUILT_PRODUCTS_DIR)/Messenger.app/Messenger";
			};
			name = Debug;
		};
		7D07D2B82525D8FD00912EC1 /* Release */ = {
			isa = XCBuildConfiguration;
			baseConfigurationReference = 952392D494825E1AE0657452 /* Pods-MessengerTests.release.xcconfig */;
			buildSettings = {
				ALWAYS_EMBED_SWIFT_STANDARD_LIBRARIES = YES;
				BUNDLE_LOADER = "$(TEST_HOST)";
				CODE_SIGN_STYLE = Automatic;
				DEVELOPMENT_TEAM = DH24P9R9PA;
				INFOPLIST_FILE = MessengerTests/Info.plist;
				IPHONEOS_DEPLOYMENT_TARGET = 14.0;
				LD_RUNPATH_SEARCH_PATHS = (
					"$(inherited)",
					"@executable_path/Frameworks",
					"@loader_path/Frameworks",
				);
				PRODUCT_BUNDLE_IDENTIFIER = com.NN.MessengerTests;
				PRODUCT_NAME = "$(TARGET_NAME)";
				SWIFT_VERSION = 5.0;
				TARGETED_DEVICE_FAMILY = "1,2";
				TEST_HOST = "$(BUILT_PRODUCTS_DIR)/Messenger.app/Messenger";
			};
			name = Release;
		};
		7D07D2BA2525D8FD00912EC1 /* Debug */ = {
			isa = XCBuildConfiguration;
			baseConfigurationReference = 0BD95348957F8BEC78E885A6 /* Pods-Messenger-MessengerUITests.debug.xcconfig */;
			buildSettings = {
				ALWAYS_EMBED_SWIFT_STANDARD_LIBRARIES = YES;
				CODE_SIGN_STYLE = Automatic;
				DEVELOPMENT_TEAM = DH24P9R9PA;
				INFOPLIST_FILE = MessengerUITests/Info.plist;
				LD_RUNPATH_SEARCH_PATHS = (
					"$(inherited)",
					"@executable_path/Frameworks",
					"@loader_path/Frameworks",
				);
				PRODUCT_BUNDLE_IDENTIFIER = com.NN.MessengerUITests;
				PRODUCT_NAME = "$(TARGET_NAME)";
				SWIFT_VERSION = 5.0;
				TARGETED_DEVICE_FAMILY = "1,2";
				TEST_TARGET_NAME = Messenger;
			};
			name = Debug;
		};
		7D07D2BB2525D8FD00912EC1 /* Release */ = {
			isa = XCBuildConfiguration;
			baseConfigurationReference = 9CC2C2CADE7557BEACA616AB /* Pods-Messenger-MessengerUITests.release.xcconfig */;
			buildSettings = {
				ALWAYS_EMBED_SWIFT_STANDARD_LIBRARIES = YES;
				CODE_SIGN_STYLE = Automatic;
				DEVELOPMENT_TEAM = DH24P9R9PA;
				INFOPLIST_FILE = MessengerUITests/Info.plist;
				LD_RUNPATH_SEARCH_PATHS = (
					"$(inherited)",
					"@executable_path/Frameworks",
					"@loader_path/Frameworks",
				);
				PRODUCT_BUNDLE_IDENTIFIER = com.NN.MessengerUITests;
				PRODUCT_NAME = "$(TARGET_NAME)";
				SWIFT_VERSION = 5.0;
				TARGETED_DEVICE_FAMILY = "1,2";
				TEST_TARGET_NAME = Messenger;
			};
			name = Release;
		};
/* End XCBuildConfiguration section */

/* Begin XCConfigurationList section */
		7D07D2842525D8F800912EC1 /* Build configuration list for PBXProject "Messenger" */ = {
			isa = XCConfigurationList;
			buildConfigurations = (
				7D07D2B12525D8FD00912EC1 /* Debug */,
				7D07D2B22525D8FD00912EC1 /* Release */,
			);
			defaultConfigurationIsVisible = 0;
			defaultConfigurationName = Release;
		};
		7D07D2B32525D8FD00912EC1 /* Build configuration list for PBXNativeTarget "Messenger" */ = {
			isa = XCConfigurationList;
			buildConfigurations = (
				7D07D2B42525D8FD00912EC1 /* Debug */,
				7D07D2B52525D8FD00912EC1 /* Release */,
			);
			defaultConfigurationIsVisible = 0;
			defaultConfigurationName = Release;
		};
		7D07D2B62525D8FD00912EC1 /* Build configuration list for PBXNativeTarget "MessengerTests" */ = {
			isa = XCConfigurationList;
			buildConfigurations = (
				7D07D2B72525D8FD00912EC1 /* Debug */,
				7D07D2B82525D8FD00912EC1 /* Release */,
			);
			defaultConfigurationIsVisible = 0;
			defaultConfigurationName = Release;
		};
		7D07D2B92525D8FD00912EC1 /* Build configuration list for PBXNativeTarget "MessengerUITests" */ = {
			isa = XCConfigurationList;
			buildConfigurations = (
				7D07D2BA2525D8FD00912EC1 /* Debug */,
				7D07D2BB2525D8FD00912EC1 /* Release */,
			);
			defaultConfigurationIsVisible = 0;
			defaultConfigurationName = Release;
		};
/* End XCConfigurationList section */
	};
	rootObject = 7D07D2812525D8F800912EC1 /* Project object */;
}
